
Microsoft Visual Studio Solution File, Format Version 12.00
# Visual Studio Version 17
VisualStudioVersion = 17.14.36310.24
MinimumVisualStudioVersion = 10.0.40219.1
Project("{FAE04EC0-301F-11D3-BF4B-00C04F79EFBC}") = "IntPortal", "IntPortal\IntPortal.csproj", "{7B83ED8F-F629-4C60-9774-431E6D9FFC82}"
EndProject
Global
	GlobalSection(SolutionConfigurationPlatforms) = preSolution
		Debug|Any CPU = Debug|Any CPU
		Release|Any CPU = Release|Any CPU
	EndGlobalSection
	GlobalSection(ProjectConfigurationPlatforms) = postSolution
		{7B83ED8F-F629-4C60-9774-431E6D9FFC82}.Debug|Any CPU.ActiveCfg = Debug|Any CPU
		{7B83ED8F-F629-4C60-9774-431E6D9FFC82}.Debug|Any CPU.Build.0 = Debug|Any CPU
		{7B83ED8F-F629-4C60-9774-431E6D9FFC82}.Release|Any CPU.ActiveCfg = Release|Any CPU
		{7B83ED8F-F629-4C60-9774-431E6D9FFC82}.Release|Any CPU.Build.0 = Release|Any CPU
	EndGlobalSection
	GlobalSection(SolutionProperties) = preSolution
		HideSolutionNode = FALSE
	EndGlobalSection
	GlobalSection(ExtensibilityGlobals) = postSolution
		SolutionGuid = {3DF5C32E-B40C-48DA-9A2A-F479B62677DB}
	EndGlobalSection
EndGlobal
